
Microsoft Visual Studio Solution File, Format Version 12.00
# Visual Studio 15
VisualStudioVersion = 15.0.28307.1525
MinimumVisualStudioVersion = 10.0.40219.1
Project("{FAE04EC0-301F-11D3-BF4B-00C04F79EFBC}") = "P2Les4.Android", "P2Les4\P2Les4.Android\P2Les4.Android.csproj", "{09826511-9E51-46F9-B9AC-EC46ED59A2F2}"
EndProject
Project("{FAE04EC0-301F-11D3-BF4B-00C04F79EFBC}") = "P2Les4", "P2Les4\P2Les4\P2Les4.csproj", "{0F2B54A3-C6E0-42AF-A96B-A373A2C28B8A}"
EndProject
Global
	GlobalSection(SolutionConfigurationPlatforms) = preSolution
		Debug|Any CPU = Debug|Any CPU
		Release|Any CPU = Release|Any CPU
	EndGlobalSection
	GlobalSection(ProjectConfigurationPlatforms) = postSolution
		{09826511-9E51-46F9-B9AC-EC46ED59A2F2}.Debug|Any CPU.ActiveCfg = Debug|Any CPU
		{09826511-9E51-46F9-B9AC-EC46ED59A2F2}.Debug|Any CPU.Build.0 = Debug|Any CPU
		{09826511-9E51-46F9-B9AC-EC46ED59A2F2}.Debug|Any CPU.Deploy.0 = Debug|Any CPU
		{09826511-9E51-46F9-B9AC-EC46ED59A2F2}.Release|Any CPU.ActiveCfg = Release|Any CPU
		{09826511-9E51-46F9-B9AC-EC46ED59A2F2}.Release|Any CPU.Build.0 = Release|Any CPU
		{09826511-9E51-46F9-B9AC-EC46ED59A2F2}.Release|Any CPU.Deploy.0 = Release|Any CPU
		{0F2B54A3-C6E0-42AF-A96B-A373A2C28B8A}.Debug|Any CPU.ActiveCfg = Debug|Any CPU
		{0F2B54A3-C6E0-42AF-A96B-A373A2C28B8A}.Debug|Any CPU.Build.0 = Debug|Any CPU
		{0F2B54A3-C6E0-42AF-A96B-A373A2C28B8A}.Debug|Any CPU.Deploy.0 = Debug|Any CPU
		{0F2B54A3-C6E0-42AF-A96B-A373A2C28B8A}.Release|Any CPU.ActiveCfg = Release|Any CPU
		{0F2B54A3-C6E0-42AF-A96B-A373A2C28B8A}.Release|Any CPU.Build.0 = Release|Any CPU
		{0F2B54A3-C6E0-42AF-A96B-A373A2C28B8A}.Release|Any CPU.Deploy.0 = Release|Any CPU
	EndGlobalSection
	GlobalSection(SolutionProperties) = preSolution
		HideSolutionNode = FALSE
	EndGlobalSection
	GlobalSection(ExtensibilityGlobals) = postSolution
		SolutionGuid = {21820161-A2D1-4091-8B96-5681012F0C53}
	EndGlobalSection
EndGlobal
